schema: '2.0'
stages:
  data_ingestion:
    cmd: python3 src/data_ingestion.py
    deps:
    - path: src/data_ingestion.py
      hash: md5
      md5: d7546d5e906b07294dbe502133805d50
      size: 1389
    params:
      params.yaml:
        data_ingestion.save_dir: data/raw
        data_ingestion.url: 
          https://raw.githubusercontent.com/Himanshu-1703/reddit-sentiment-analysis/refs/heads/main/data/reddit.csv
    outs:
    - path: data/raw/reddit.csv
      hash: md5
      md5: b73bead121d2dbfd7823b1d426695256
      size: 6888931
  data_clean:
    cmd: python3 src/data_cleaning.py
    deps:
    - path: data/raw/reddit.csv
      hash: md5
      md5: b73bead121d2dbfd7823b1d426695256
      size: 6888931
    - path: src/data_cleaning.py
      hash: md5
      md5: fe4fb55d28d271be84ef9a6b66b63cd8
      size: 1752
    outs:
    - path: data/processed/cleaned.csv
      hash: md5
      md5: d2cd181bfa12960bbf9e214aaec15406
      size: 5083080
  feature_engineering:
    cmd: python3 src/feature_engineering.py
    deps:
    - path: data/processed/cleaned.csv
      hash: md5
      md5: d2cd181bfa12960bbf9e214aaec15406
      size: 5083080
    - path: src/feature_engineering.py
      hash: md5
      md5: fbfe77228ad8f4640b3a3e2cbb5b2ca4
      size: 1803
    outs:
    - path: data/final/test.csv
      hash: md5
      md5: ded1b40936b06e718dfd5c8f128c58ce
      size: 30097077
    - path: data/final/train.csv
      hash: md5
      md5: 0b3f303d7589f6ffa14468e76dfcd3c7
      size: 120365886
